
Microsoft Visual Studio Solution File, Format Version 12.00
# Visual Studio Version 17
VisualStudioVersion = 17.11.35222.181
MinimumVisualStudioVersion = 10.0.40219.1
Project("{FAE04EC0-301F-11D3-BF4B-00C04F79EFBC}") = "Cohg", "Cohg\Cohg.csproj", "{6A1DDAAD-1318-488C-9E73-728FF4972022}"
EndProject
Global
	GlobalSection(SolutionConfigurationPlatforms) = preSolution
		Debug|Any CPU = Debug|Any CPU
		Release|Any CPU = Release|Any CPU
	EndGlobalSection
	GlobalSection(ProjectConfigurationPlatforms) = postSolution
		{6A1DDAAD-1318-488C-9E73-728FF4972022}.Debug|Any CPU.ActiveCfg = Debug|Any CPU
		{6A1DDAAD-1318-488C-9E73-728FF4972022}.Debug|Any CPU.Build.0 = Debug|Any CPU
		{6A1DDAAD-1318-488C-9E73-728FF4972022}.Release|Any CPU.ActiveCfg = Release|Any CPU
		{6A1DDAAD-1318-488C-9E73-728FF4972022}.Release|Any CPU.Build.0 = Release|Any CPU
	EndGlobalSection
	GlobalSection(SolutionProperties) = preSolution
		HideSolutionNode = FALSE
	EndGlobalSection
	GlobalSection(ExtensibilityGlobals) = postSolution
		SolutionGuid = {9E3ADE45-4B88-4132-BAA9-CA1209EF14E4}
	EndGlobalSection
EndGlobal
